
Microsoft Visual Studio Solution File, Format Version 12.00
# Visual Studio Version 17
VisualStudioVersion = 17.7.34009.444
MinimumVisualStudioVersion = 10.0.40219.1
Project("{9A19103F-16F7-4668-BE54-9A1E7A4F7556}") = "ResoAdd", "ResoAdd.csproj", "{116ACBC0-F6EA-497F-918E-661A86831FAB}"
EndProject
Project("{FAE04EC0-301F-11D3-BF4B-00C04F79EFBC}") = "ResoTest", "..\ResoTest\ResoTest.csproj", "{E31481E7-0EDE-4498-A9A2-1957F682748C}"
EndProject
Global
	GlobalSection(SolutionConfigurationPlatforms) = preSolution
		Debug|Any CPU = Debug|Any CPU
		Release|Any CPU = Release|Any CPU
	EndGlobalSection
	GlobalSection(ProjectConfigurationPlatforms) = postSolution
		{116ACBC0-F6EA-497F-918E-661A86831FAB}.Debug|Any CPU.ActiveCfg = Debug|Any CPU
		{116ACBC0-F6EA-497F-918E-661A86831FAB}.Debug|Any CPU.Build.0 = Debug|Any CPU
		{116ACBC0-F6EA-497F-918E-661A86831FAB}.Release|Any CPU.ActiveCfg = Release|Any CPU
		{116ACBC0-F6EA-497F-918E-661A86831FAB}.Release|Any CPU.Build.0 = Release|Any CPU
		{E31481E7-0EDE-4498-A9A2-1957F682748C}.Debug|Any CPU.ActiveCfg = Debug|Any CPU
		{E31481E7-0EDE-4498-A9A2-1957F682748C}.Debug|Any CPU.Build.0 = Debug|Any CPU
		{E31481E7-0EDE-4498-A9A2-1957F682748C}.Release|Any CPU.ActiveCfg = Release|Any CPU
		{E31481E7-0EDE-4498-A9A2-1957F682748C}.Release|Any CPU.Build.0 = Release|Any CPU
	EndGlobalSection
	GlobalSection(SolutionProperties) = preSolution
		HideSolutionNode = FALSE
	EndGlobalSection
	GlobalSection(ExtensibilityGlobals) = postSolution
		SolutionGuid = {76F8F837-39EC-4484-8F6E-1041A83A9D02}
	EndGlobalSection
EndGlobal
